
Microsoft Visual Studio Solution File, Format Version 12.00
# Visual Studio 15
Project("{FAE04EC0-301F-11D3-BF4B-00C04F79EFBC}") = "UniHumanoid", "UniHumanoid.csproj", "{6EBFE4AE-DFFB-EA0C-7A8E-62370DDB9216}"
EndProject
Project("{FAE04EC0-301F-11D3-BF4B-00C04F79EFBC}") = "VRM10.Editor", "VRM10.Editor.csproj", "{6D5C93A3-7E39-0374-C324-3E6FE93FC5BB}"
EndProject
Project("{FAE04EC0-301F-11D3-BF4B-00C04F79EFBC}") = "UniGLTF.Editor", "UniGLTF.Editor.csproj", "{8D3DB562-1D68-EBE4-6744-9D5DEA8E8054}"
EndProject
Project("{FAE04EC0-301F-11D3-BF4B-00C04F79EFBC}") = "UniGLTF", "UniGLTF.csproj", "{786E630F-2A28-606A-D632-7757E376F48A}"
EndProject
Project("{FAE04EC0-301F-11D3-BF4B-00C04F79EFBC}") = "VRM10", "VRM10.csproj", "{C622263B-B732-9875-E02B-FD2C2E014173}"
EndProject
Project("{FAE04EC0-301F-11D3-BF4B-00C04F79EFBC}") = "VrmLibTests", "VrmLibTests.csproj", "{8AA10E50-886D-C04D-9143-21BC645A7EA2}"
EndProject
Project("{FAE04EC0-301F-11D3-BF4B-00C04F79EFBC}") = "VrmLib", "VrmLib.csproj", "{E3C94BF9-1766-2781-20E9-E04F83C107F1}"
EndProject
Project("{FAE04EC0-301F-11D3-BF4B-00C04F79EFBC}") = "UniGLTF.Tests", "UniGLTF.Tests.csproj", "{F96F41F1-1EB2-2E55-7E76-880F9CC792A6}"
EndProject
Project("{FAE04EC0-301F-11D3-BF4B-00C04F79EFBC}") = "SpringBoneJobs", "SpringBoneJobs.csproj", "{5C7AC90F-7684-AE49-7E0E-13250378B273}"
EndProject
Project("{FAE04EC0-301F-11D3-BF4B-00C04F79EFBC}") = "Unity.WebRTC.Samples", "Unity.WebRTC.Samples.csproj", "{331C25A2-42CB-7953-9CCE-136614CA5A60}"
EndProject
Project("{FAE04EC0-301F-11D3-BF4B-00C04F79EFBC}") = "VRM10.MToon10", "VRM10.MToon10.csproj", "{524BB46D-BAE9-46D2-0F91-6AA14E333A34}"
EndProject
Project("{FAE04EC0-301F-11D3-BF4B-00C04F79EFBC}") = "Assembly-CSharp", "Assembly-CSharp.csproj", "{C242920A-6D9B-0276-3EBD-897DEBE18476}"
EndProject
Project("{FAE04EC0-301F-11D3-BF4B-00C04F79EFBC}") = "UniGLTF.Utils", "UniGLTF.Utils.csproj", "{D407BC8D-C84E-94BC-94AC-F37558CF072C}"
EndProject
Project("{FAE04EC0-301F-11D3-BF4B-00C04F79EFBC}") = "Assembly-CSharp-Editor", "Assembly-CSharp-Editor.csproj", "{1E51D537-FB3F-59B5-2249-7E430E1BC328}"
EndProject
Project("{FAE04EC0-301F-11D3-BF4B-00C04F79EFBC}") = "UniHumanoid.Editor", "UniHumanoid.Editor.csproj", "{8F566EF4-0A7C-F6AD-3DC4-28FA5FCC82C2}"
EndProject
Project("{FAE04EC0-301F-11D3-BF4B-00C04F79EFBC}") = "VRM10.MToon10.Editor", "VRM10.MToon10.Editor.csproj", "{86F101C6-04E7-5B54-F813-EFF7538C58B1}"
EndProject
Project("{FAE04EC0-301F-11D3-BF4B-00C04F79EFBC}") = "VRM10.Tests", "VRM10.Tests.csproj", "{3C8D63C4-3D53-DF0E-4779-A740CF988653}"
EndProject
Project("{FAE04EC0-301F-11D3-BF4B-00C04F79EFBC}") = "UniGLTF.UniUnlit", "UniGLTF.UniUnlit.csproj", "{2541A812-6D13-5A1B-2A1F-8017A4DED526}"
EndProject
Project("{FAE04EC0-301F-11D3-BF4B-00C04F79EFBC}") = "UniGLTF.UniUnlit.Editor", "UniGLTF.UniUnlit.Editor.csproj", "{287EE321-6744-7BCC-1E7D-B74A03B19CAF}"
EndProject
Project("{FAE04EC0-301F-11D3-BF4B-00C04F79EFBC}") = "VRM10.MToon10.Tests", "VRM10.MToon10.Tests.csproj", "{9FC41A6D-69DF-CCB8-8913-86BCB1EEC68D}"
EndProject
Project("{FAE04EC0-301F-11D3-BF4B-00C04F79EFBC}") = "FastSpringBone10", "FastSpringBone10.csproj", "{027F87D1-D7CB-D4E3-92DD-2BC604AC4895}"
EndProject
Project("{FAE04EC0-301F-11D3-BF4B-00C04F79EFBC}") = "UniHumanoid.Editor.Tests", "UniHumanoid.Editor.Tests.csproj", "{8C2922CD-5F00-0614-3EBE-4E48692B4CEE}"
EndProject
Project("{FAE04EC0-301F-11D3-BF4B-00C04F79EFBC}") = "Unity.WebRTC.Samples.Editror", "Unity.WebRTC.Samples.Editror.csproj", "{7DFDA5EA-37AF-1381-C564-5909CA403BA6}"
EndProject
Global
	GlobalSection(SolutionConfigurationPlatforms) = preSolution
		Debug|Any CPU = Debug|Any CPU
		Release|Any CPU = Release|Any CPU
	EndGlobalSection
	GlobalSection(ProjectConfigurationPlatforms) = postSolution
		{6EBFE4AE-DFFB-EA0C-7A8E-62370DDB9216}.Debug|Any CPU.ActiveCfg = Debug|Any CPU
		{6EBFE4AE-DFFB-EA0C-7A8E-62370DDB9216}.Debug|Any CPU.Build.0 = Debug|Any CPU
		{6EBFE4AE-DFFB-EA0C-7A8E-62370DDB9216}.Release|Any CPU.ActiveCfg = Release|Any CPU
		{6EBFE4AE-DFFB-EA0C-7A8E-62370DDB9216}.Release|Any CPU.Build.0 = Release|Any CPU
		{6D5C93A3-7E39-0374-C324-3E6FE93FC5BB}.Debug|Any CPU.ActiveCfg = Debug|Any CPU
		{6D5C93A3-7E39-0374-C324-3E6FE93FC5BB}.Debug|Any CPU.Build.0 = Debug|Any CPU
		{6D5C93A3-7E39-0374-C324-3E6FE93FC5BB}.Release|Any CPU.ActiveCfg = Release|Any CPU
		{6D5C93A3-7E39-0374-C324-3E6FE93FC5BB}.Release|Any CPU.Build.0 = Release|Any CPU
		{8D3DB562-1D68-EBE4-6744-9D5DEA8E8054}.Debug|Any CPU.ActiveCfg = Debug|Any CPU
		{8D3DB562-1D68-EBE4-6744-9D5DEA8E8054}.Debug|Any CPU.Build.0 = Debug|Any CPU
		{8D3DB562-1D68-EBE4-6744-9D5DEA8E8054}.Release|Any CPU.ActiveCfg = Release|Any CPU
		{8D3DB562-1D68-EBE4-6744-9D5DEA8E8054}.Release|Any CPU.Build.0 = Release|Any CPU
		{786E630F-2A28-606A-D632-7757E376F48A}.Debug|Any CPU.ActiveCfg = Debug|Any CPU
		{786E630F-2A28-606A-D632-7757E376F48A}.Debug|Any CPU.Build.0 = Debug|Any CPU
		{786E630F-2A28-606A-D632-7757E376F48A}.Release|Any CPU.ActiveCfg = Release|Any CPU
		{786E630F-2A28-606A-D632-7757E376F48A}.Release|Any CPU.Build.0 = Release|Any CPU
		{C622263B-B732-9875-E02B-FD2C2E014173}.Debug|Any CPU.ActiveCfg = Debug|Any CPU
		{C622263B-B732-9875-E02B-FD2C2E014173}.Debug|Any CPU.Build.0 = Debug|Any CPU
		{C622263B-B732-9875-E02B-FD2C2E014173}.Release|Any CPU.ActiveCfg = Release|Any CPU
		{C622263B-B732-9875-E02B-FD2C2E014173}.Release|Any CPU.Build.0 = Release|Any CPU
		{8AA10E50-886D-C04D-9143-21BC645A7EA2}.Debug|Any CPU.ActiveCfg = Debug|Any CPU
		{8AA10E50-886D-C04D-9143-21BC645A7EA2}.Debug|Any CPU.Build.0 = Debug|Any CPU
		{8AA10E50-886D-C04D-9143-21BC645A7EA2}.Release|Any CPU.ActiveCfg = Release|Any CPU
		{8AA10E50-886D-C04D-9143-21BC645A7EA2}.Release|Any CPU.Build.0 = Release|Any CPU
		{E3C94BF9-1766-2781-20E9-E04F83C107F1}.Debug|Any CPU.ActiveCfg = Debug|Any CPU
		{E3C94BF9-1766-2781-20E9-E04F83C107F1}.Debug|Any CPU.Build.0 = Debug|Any CPU
		{E3C94BF9-1766-2781-20E9-E04F83C107F1}.Release|Any CPU.ActiveCfg = Release|Any CPU
		{E3C94BF9-1766-2781-20E9-E04F83C107F1}.Release|Any CPU.Build.0 = Release|Any CPU
		{F96F41F1-1EB2-2E55-7E76-880F9CC792A6}.Debug|Any CPU.ActiveCfg = Debug|Any CPU
		{F96F41F1-1EB2-2E55-7E76-880F9CC792A6}.Debug|Any CPU.Build.0 = Debug|Any CPU
		{F96F41F1-1EB2-2E55-7E76-880F9CC792A6}.Release|Any CPU.ActiveCfg = Release|Any CPU
		{F96F41F1-1EB2-2E55-7E76-880F9CC792A6}.Release|Any CPU.Build.0 = Release|Any CPU
		{5C7AC90F-7684-AE49-7E0E-13250378B273}.Debug|Any CPU.ActiveCfg = Debug|Any CPU
		{5C7AC90F-7684-AE49-7E0E-13250378B273}.Debug|Any CPU.Build.0 = Debug|Any CPU
		{5C7AC90F-7684-AE49-7E0E-13250378B273}.Release|Any CPU.ActiveCfg = Release|Any CPU
		{5C7AC90F-7684-AE49-7E0E-13250378B273}.Release|Any CPU.Build.0 = Release|Any CPU
		{331C25A2-42CB-7953-9CCE-136614CA5A60}.Debug|Any CPU.ActiveCfg = Debug|Any CPU
		{331C25A2-42CB-7953-9CCE-136614CA5A60}.Debug|Any CPU.Build.0 = Debug|Any CPU
		{331C25A2-42CB-7953-9CCE-136614CA5A60}.Release|Any CPU.ActiveCfg = Release|Any CPU
		{331C25A2-42CB-7953-9CCE-136614CA5A60}.Release|Any CPU.Build.0 = Release|Any CPU
		{524BB46D-BAE9-46D2-0F91-6AA14E333A34}.Debug|Any CPU.ActiveCfg = Debug|Any CPU
		{524BB46D-BAE9-46D2-0F91-6AA14E333A34}.Debug|Any CPU.Build.0 = Debug|Any CPU
		{524BB46D-BAE9-46D2-0F91-6AA14E333A34}.Release|Any CPU.ActiveCfg = Release|Any CPU
		{524BB46D-BAE9-46D2-0F91-6AA14E333A34}.Release|Any CPU.Build.0 = Release|Any CPU
		{C242920A-6D9B-0276-3EBD-897DEBE18476}.Debug|Any CPU.ActiveCfg = Debug|Any CPU
		{C242920A-6D9B-0276-3EBD-897DEBE18476}.Debug|Any CPU.Build.0 = Debug|Any CPU
		{C242920A-6D9B-0276-3EBD-897DEBE18476}.Release|Any CPU.ActiveCfg = Release|Any CPU
		{C242920A-6D9B-0276-3EBD-897DEBE18476}.Release|Any CPU.Build.0 = Release|Any CPU
		{D407BC8D-C84E-94BC-94AC-F37558CF072C}.Debug|Any CPU.ActiveCfg = Debug|Any CPU
		{D407BC8D-C84E-94BC-94AC-F37558CF072C}.Debug|Any CPU.Build.0 = Debug|Any CPU
		{D407BC8D-C84E-94BC-94AC-F37558CF072C}.Release|Any CPU.ActiveCfg = Release|Any CPU
		{D407BC8D-C84E-94BC-94AC-F37558CF072C}.Release|Any CPU.Build.0 = Release|Any CPU
		{1E51D537-FB3F-59B5-2249-7E430E1BC328}.Debug|Any CPU.ActiveCfg = Debug|Any CPU
		{1E51D537-FB3F-59B5-2249-7E430E1BC328}.Debug|Any CPU.Build.0 = Debug|Any CPU
		{1E51D537-FB3F-59B5-2249-7E430E1BC328}.Release|Any CPU.ActiveCfg = Release|Any CPU
		{1E51D537-FB3F-59B5-2249-7E430E1BC328}.Release|Any CPU.Build.0 = Release|Any CPU
		{8F566EF4-0A7C-F6AD-3DC4-28FA5FCC82C2}.Debug|Any CPU.ActiveCfg = Debug|Any CPU
		{8F566EF4-0A7C-F6AD-3DC4-28FA5FCC82C2}.Debug|Any CPU.Build.0 = Debug|Any CPU
		{8F566EF4-0A7C-F6AD-3DC4-28FA5FCC82C2}.Release|Any CPU.ActiveCfg = Release|Any CPU
		{8F566EF4-0A7C-F6AD-3DC4-28FA5FCC82C2}.Release|Any CPU.Build.0 = Release|Any CPU
		{86F101C6-04E7-5B54-F813-EFF7538C58B1}.Debug|Any CPU.ActiveCfg = Debug|Any CPU
		{86F101C6-04E7-5B54-F813-EFF7538C58B1}.Debug|Any CPU.Build.0 = Debug|Any CPU
		{86F101C6-04E7-5B54-F813-EFF7538C58B1}.Release|Any CPU.ActiveCfg = Release|Any CPU
		{86F101C6-04E7-5B54-F813-EFF7538C58B1}.Release|Any CPU.Build.0 = Release|Any CPU
		{3C8D63C4-3D53-DF0E-4779-A740CF988653}.Debug|Any CPU.ActiveCfg = Debug|Any CPU
		{3C8D63C4-3D53-DF0E-4779-A740CF988653}.Debug|Any CPU.Build.0 = Debug|Any CPU
		{3C8D63C4-3D53-DF0E-4779-A740CF988653}.Release|Any CPU.ActiveCfg = Release|Any CPU
		{3C8D63C4-3D53-DF0E-4779-A740CF988653}.Release|Any CPU.Build.0 = Release|Any CPU
		{2541A812-6D13-5A1B-2A1F-8017A4DED526}.Debug|Any CPU.ActiveCfg = Debug|Any CPU
		{2541A812-6D13-5A1B-2A1F-8017A4DED526}.Debug|Any CPU.Build.0 = Debug|Any CPU
		{2541A812-6D13-5A1B-2A1F-8017A4DED526}.Release|Any CPU.ActiveCfg = Release|Any CPU
		{2541A812-6D13-5A1B-2A1F-8017A4DED526}.Release|Any CPU.Build.0 = Release|Any CPU
		{287EE321-6744-7BCC-1E7D-B74A03B19CAF}.Debug|Any CPU.ActiveCfg = Debug|Any CPU
		{287EE321-6744-7BCC-1E7D-B74A03B19CAF}.Debug|Any CPU.Build.0 = Debug|Any CPU
		{287EE321-6744-7BCC-1E7D-B74A03B19CAF}.Release|Any CPU.ActiveCfg = Release|Any CPU
		{287EE321-6744-7BCC-1E7D-B74A03B19CAF}.Release|Any CPU.Build.0 = Release|Any CPU
		{9FC41A6D-69DF-CCB8-8913-86BCB1EEC68D}.Debug|Any CPU.ActiveCfg = Debug|Any CPU
		{9FC41A6D-69DF-CCB8-8913-86BCB1EEC68D}.Debug|Any CPU.Build.0 = Debug|Any CPU
		{9FC41A6D-69DF-CCB8-8913-86BCB1EEC68D}.Release|Any CPU.ActiveCfg = Release|Any CPU
		{9FC41A6D-69DF-CCB8-8913-86BCB1EEC68D}.Release|Any CPU.Build.0 = Release|Any CPU
		{027F87D1-D7CB-D4E3-92DD-2BC604AC4895}.Debug|Any CPU.ActiveCfg = Debug|Any CPU
		{027F87D1-D7CB-D4E3-92DD-2BC604AC4895}.Debug|Any CPU.Build.0 = Debug|Any CPU
		{027F87D1-D7CB-D4E3-92DD-2BC604AC4895}.Release|Any CPU.ActiveCfg = Release|Any CPU
		{027F87D1-D7CB-D4E3-92DD-2BC604AC4895}.Release|Any CPU.Build.0 = Release|Any CPU
		{8C2922CD-5F00-0614-3EBE-4E48692B4CEE}.Debug|Any CPU.ActiveCfg = Debug|Any CPU
		{8C2922CD-5F00-0614-3EBE-4E48692B4CEE}.Debug|Any CPU.Build.0 = Debug|Any CPU
		{8C2922CD-5F00-0614-3EBE-4E48692B4CEE}.Release|Any CPU.ActiveCfg = Release|Any CPU
		{8C2922CD-5F00-0614-3EBE-4E48692B4CEE}.Release|Any CPU.Build.0 = Release|Any CPU
		{7DFDA5EA-37AF-1381-C564-5909CA403BA6}.Debug|Any CPU.ActiveCfg = Debug|Any CPU
		{7DFDA5EA-37AF-1381-C564-5909CA403BA6}.Debug|Any CPU.Build.0 = Debug|Any CPU
		{7DFDA5EA-37AF-1381-C564-5909CA403BA6}.Release|Any CPU.ActiveCfg = Release|Any CPU
		{7DFDA5EA-37AF-1381-C564-5909CA403BA6}.Release|Any CPU.Build.0 = Release|Any CPU
	EndGlobalSection
	GlobalSection(SolutionProperties) = preSolution
		HideSolutionNode = FALSE
	EndGlobalSection
EndGlobal
