
Microsoft Visual Studio Solution File, Format Version 12.00
# Visual Studio 15
Project("{FAE04EC0-301F-11D3-BF4B-00C04F79EFBC}") = "Oculus.Interaction", "Oculus.Interaction.csproj", "{85405881-7AE1-845C-8FE4-D545751473FA}"
EndProject
Project("{FAE04EC0-301F-11D3-BF4B-00C04F79EFBC}") = "Oculus.Interaction.Editor", "Oculus.Interaction.Editor.csproj", "{ECD0AE94-5DF6-C73B-77A7-3726E2DD5D8F}"
EndProject
Project("{FAE04EC0-301F-11D3-BF4B-00C04F79EFBC}") = "Oculus.Platform", "Oculus.Platform.csproj", "{7EAAA1DB-18CD-2B3B-6AF8-E596729A0CE3}"
EndProject
Project("{FAE04EC0-301F-11D3-BF4B-00C04F79EFBC}") = "Assembly-CSharp", "Assembly-CSharp.csproj", "{C242920A-6D9B-0276-3EBD-897DEBE18476}"
EndProject
Project("{FAE04EC0-301F-11D3-BF4B-00C04F79EFBC}") = "Oculus.Interaction.OVR.Samples", "Oculus.Interaction.OVR.Samples.csproj", "{DB7BF001-1328-0896-6E90-556E1AD5FC90}"
EndProject
Project("{FAE04EC0-301F-11D3-BF4B-00C04F79EFBC}") = "Meta.WitAi.Lib", "Meta.WitAi.Lib.csproj", "{A452A5A9-0F24-38C7-30EA-0D0E3036BF56}"
EndProject
Project("{FAE04EC0-301F-11D3-BF4B-00C04F79EFBC}") = "Oculus.VR", "Oculus.VR.csproj", "{703A4C33-67F7-75CE-BACA-D2E251D2DFEB}"
EndProject
Project("{FAE04EC0-301F-11D3-BF4B-00C04F79EFBC}") = "Meta.WitAi.Conduit.Editor", "Meta.WitAi.Conduit.Editor.csproj", "{FFBF8947-BDF6-233A-8AA8-0CC5C3F113AA}"
EndProject
Project("{FAE04EC0-301F-11D3-BF4B-00C04F79EFBC}") = "Meta.WitAi", "Meta.WitAi.csproj", "{F3A3024F-7A4E-4D6E-C676-D56840958896}"
EndProject
Project("{FAE04EC0-301F-11D3-BF4B-00C04F79EFBC}") = "Oculus.VR.Editor", "Oculus.VR.Editor.csproj", "{09AB2E2D-558B-51B6-3690-AC99D8900821}"
EndProject
Project("{FAE04EC0-301F-11D3-BF4B-00C04F79EFBC}") = "Oculus.LipSync", "Oculus.LipSync.csproj", "{76E9B86F-9BF6-FA34-D152-5A9DE4DC5443}"
EndProject
Project("{FAE04EC0-301F-11D3-BF4B-00C04F79EFBC}") = "Oculus.Interaction.OVR", "Oculus.Interaction.OVR.csproj", "{CEB7121E-FBC7-EE36-1D1F-629344DBF3A5}"
EndProject
Project("{FAE04EC0-301F-11D3-BF4B-00C04F79EFBC}") = "Meta.WitAI.Lib.Editor", "Meta.WitAI.Lib.Editor.csproj", "{8069B6D1-2FEB-CF33-2C1E-099B55FA2740}"
EndProject
Project("{FAE04EC0-301F-11D3-BF4B-00C04F79EFBC}") = "Meta.WitAi.Editor", "Meta.WitAi.Editor.csproj", "{9AEF3E2F-F3F5-1AA8-F5AA-2CDEF8C838D8}"
EndProject
Project("{FAE04EC0-301F-11D3-BF4B-00C04F79EFBC}") = "Meta.Voice.Samples.BuiltInTimer", "Meta.Voice.Samples.BuiltInTimer.csproj", "{9C07C3BF-DAEA-7B17-656C-4A809C394849}"
EndProject
Project("{FAE04EC0-301F-11D3-BF4B-00C04F79EFBC}") = "Meta.WitAi.Conduit", "Meta.WitAi.Conduit.csproj", "{2A634646-5213-89E6-6780-E7EEA6F50629}"
EndProject
Project("{FAE04EC0-301F-11D3-BF4B-00C04F79EFBC}") = "Meta.XR.BuildingBlocks.Editor", "Meta.XR.BuildingBlocks.Editor.csproj", "{B6F68095-B0DD-A3B9-6CFA-F1DA46F77C38}"
EndProject
Project("{FAE04EC0-301F-11D3-BF4B-00C04F79EFBC}") = "VoiceSDK.Dictation.Runtime", "VoiceSDK.Dictation.Runtime.csproj", "{2145A18A-3F78-8FA3-D814-DB78A58F5463}"
EndProject
Project("{FAE04EC0-301F-11D3-BF4B-00C04F79EFBC}") = "VoiceSDK.Editor", "VoiceSDK.Editor.csproj", "{CDB6810A-5CDE-A5CD-E7A5-06B15F3EF54C}"
EndProject
Project("{FAE04EC0-301F-11D3-BF4B-00C04F79EFBC}") = "Oculus.VR.Scripts.Editor", "Oculus.VR.Scripts.Editor.csproj", "{8BB7FBA4-B84C-15E6-75B2-D4EC2E0D557A}"
EndProject
Project("{FAE04EC0-301F-11D3-BF4B-00C04F79EFBC}") = "Meta.Voice.Samples.LightTraits", "Meta.Voice.Samples.LightTraits.csproj", "{91BA34D4-5DA5-E265-7C73-1D348FAF04F6}"
EndProject
Project("{FAE04EC0-301F-11D3-BF4B-00C04F79EFBC}") = "Meta.Voice.Samples.TTSVoices", "Meta.Voice.Samples.TTSVoices.csproj", "{0A139C7C-32B2-5BB2-D513-8798C87094D3}"
EndProject
Project("{FAE04EC0-301F-11D3-BF4B-00C04F79EFBC}") = "VoiceSDK.Runtime", "VoiceSDK.Runtime.csproj", "{68E1FCFE-6924-9B91-6AF0-97ADE85C41D1}"
EndProject
Project("{FAE04EC0-301F-11D3-BF4B-00C04F79EFBC}") = "Oculus.Interaction.Samples.Editor", "Oculus.Interaction.Samples.Editor.csproj", "{3E1907D7-D0D3-388B-050D-FEEBA524D624}"
EndProject
Project("{FAE04EC0-301F-11D3-BF4B-00C04F79EFBC}") = "Assembly-CSharp-Editor", "Assembly-CSharp-Editor.csproj", "{1E51D537-FB3F-59B5-2249-7E430E1BC328}"
EndProject
Project("{FAE04EC0-301F-11D3-BF4B-00C04F79EFBC}") = "Meta.WitAi.TTS.Editor", "Meta.WitAi.TTS.Editor.csproj", "{2BCF9B31-2EC1-6456-D4A6-272BBA34154E}"
EndProject
Project("{FAE04EC0-301F-11D3-BF4B-00C04F79EFBC}") = "Oculus.Platform.Editor", "Oculus.Platform.Editor.csproj", "{1E5B9DF9-9210-4EDA-5D9D-299A4473D439}"
EndProject
Project("{FAE04EC0-301F-11D3-BF4B-00C04F79EFBC}") = "Facebook.Wit.Dictation", "Facebook.Wit.Dictation.csproj", "{999D62A4-5B21-6C7D-C45C-45B001A90265}"
EndProject
Project("{FAE04EC0-301F-11D3-BF4B-00C04F79EFBC}") = "Oculus.AudioManager.Utils.Editor", "Oculus.AudioManager.Utils.Editor.csproj", "{6ACA5EC9-054A-1669-1AD8-3CBFFC752647}"
EndProject
Project("{FAE04EC0-301F-11D3-BF4B-00C04F79EFBC}") = "Meta.VoiceSDK.Mic.Common", "Meta.VoiceSDK.Mic.Common.csproj", "{D480D189-BF19-84D1-8BCA-9EF975DB6212}"
EndProject
Project("{FAE04EC0-301F-11D3-BF4B-00C04F79EFBC}") = "Meta.Voice.Hub.Editor", "Meta.Voice.Hub.Editor.csproj", "{4B32F919-9131-AE7F-ACC1-CE7E28BC8A41}"
EndProject
Project("{FAE04EC0-301F-11D3-BF4B-00C04F79EFBC}") = "Meta.Voice.Samples.ShapesConduit", "Meta.Voice.Samples.ShapesConduit.csproj", "{728005B6-4A14-AD0E-4818-4F631541E13B}"
EndProject
Project("{FAE04EC0-301F-11D3-BF4B-00C04F79EFBC}") = "Meta.VoiceSDK.Mic.Other", "Meta.VoiceSDK.Mic.Other.csproj", "{647251F2-3C92-BAA9-F5C5-4004237D78F0}"
EndProject
Project("{FAE04EC0-301F-11D3-BF4B-00C04F79EFBC}") = "Meta.WitAi.TTS", "Meta.WitAi.TTS.csproj", "{03BD3A4E-030D-28E4-8ABB-C34684FC68C2}"
EndProject
Project("{FAE04EC0-301F-11D3-BF4B-00C04F79EFBC}") = "Oculus.Interaction.InterfaceSupport", "Oculus.Interaction.InterfaceSupport.csproj", "{FA45E143-14E8-F99F-3AED-3EEC207F7B87}"
EndProject
Project("{FAE04EC0-301F-11D3-BF4B-00C04F79EFBC}") = "AssistantCoreSDKRuntime", "AssistantCoreSDKRuntime.csproj", "{9959B7E9-F97C-D3B1-0A3E-17EB2616CED1}"
EndProject
Project("{FAE04EC0-301F-11D3-BF4B-00C04F79EFBC}") = "Oculus.AudioManager.Audio.Editor", "Oculus.AudioManager.Audio.Editor.csproj", "{F7F17DCB-9617-C3E4-1EC3-6913CD7971A8}"
EndProject
Project("{FAE04EC0-301F-11D3-BF4B-00C04F79EFBC}") = "Oculus.Spatializer.Editor", "Oculus.Spatializer.Editor.csproj", "{8DC47E88-1CB7-64DF-ADC2-F6B1D00220EC}"
EndProject
Project("{FAE04EC0-301F-11D3-BF4B-00C04F79EFBC}") = "Oculus.Spatializer", "Oculus.Spatializer.csproj", "{193368BD-820B-CDB3-92A0-2E4B65699EC6}"
EndProject
Project("{FAE04EC0-301F-11D3-BF4B-00C04F79EFBC}") = "Meta.Voice.Hub.Runtime", "Meta.Voice.Hub.Runtime.csproj", "{9DBF00BB-CFE8-83CD-4FC3-6A87C029417A}"
EndProject
Project("{FAE04EC0-301F-11D3-BF4B-00C04F79EFBC}") = "Oculus.AudioManager", "Oculus.AudioManager.csproj", "{70F856C8-44CA-3ED0-16D3-C8887D60E9F3}"
EndProject
Project("{FAE04EC0-301F-11D3-BF4B-00C04F79EFBC}") = "Meta.Voice.Samples.Shapes", "Meta.Voice.Samples.Shapes.csproj", "{987A21CA-F46B-E471-54CA-E2AA7510B851}"
EndProject
Project("{FAE04EC0-301F-11D3-BF4B-00C04F79EFBC}") = "Meta.Voice.VSDKHub.Editor", "Meta.Voice.VSDKHub.Editor.csproj", "{D14A6A5B-EA81-39ED-7956-4FFA6FD6404D}"
EndProject
Project("{FAE04EC0-301F-11D3-BF4B-00C04F79EFBC}") = "Oculus.Interaction.OVR.Editor", "Oculus.Interaction.OVR.Editor.csproj", "{DBF257D2-5BAC-DEE5-E7E5-A161BAD6B4F9}"
EndProject
Project("{FAE04EC0-301F-11D3-BF4B-00C04F79EFBC}") = "Meta.Voice.Samples.Dictation", "Meta.Voice.Samples.Dictation.csproj", "{EAB1F22D-0F01-AF6D-C0B5-6A4A04BD06A6}"
EndProject
Project("{FAE04EC0-301F-11D3-BF4B-00C04F79EFBC}") = "VoiceSDK.Dictation.Editor", "VoiceSDK.Dictation.Editor.csproj", "{FDD4DD5D-46A2-B385-418C-52AFFC916489}"
EndProject
Project("{FAE04EC0-301F-11D3-BF4B-00C04F79EFBC}") = "VoiceSDK.Telemetry", "VoiceSDK.Telemetry.csproj", "{FD9316B1-D97E-BBD9-9512-A517CE7A9938}"
EndProject
Project("{FAE04EC0-301F-11D3-BF4B-00C04F79EFBC}") = "Facebook.Wit.Dictation.Editor", "Facebook.Wit.Dictation.Editor.csproj", "{D9742288-82BF-3047-E24A-0000DB4C74D8}"
EndProject
Project("{FAE04EC0-301F-11D3-BF4B-00C04F79EFBC}") = "Meta.XR.BuildingBlocks", "Meta.XR.BuildingBlocks.csproj", "{CD0FE5C0-B4A3-3C93-CA78-94C26894C0DF}"
EndProject
Project("{FAE04EC0-301F-11D3-BF4B-00C04F79EFBC}") = "Oculus.LipSync.Editor", "Oculus.LipSync.Editor.csproj", "{1325B550-8D23-7357-9DB6-F2BE3FBF423A}"
EndProject
Project("{FAE04EC0-301F-11D3-BF4B-00C04F79EFBC}") = "Meta.Voice.Samples.LiveUnderstanding", "Meta.Voice.Samples.LiveUnderstanding.csproj", "{5498FA00-A8FB-A4F2-6D73-7F739C86811A}"
EndProject
Project("{FAE04EC0-301F-11D3-BF4B-00C04F79EFBC}") = "AssistantCoreSDKEditor", "AssistantCoreSDKEditor.csproj", "{9409FD15-979A-C17D-2D93-D788AB8AC2EB}"
EndProject
Project("{FAE04EC0-301F-11D3-BF4B-00C04F79EFBC}") = "Meta.VoiceSDK.Mic.WebGL", "Meta.VoiceSDK.Mic.WebGL.csproj", "{F3F7EF5E-99DA-8E1F-70CD-0D6E3D9582E8}"
EndProject
Project("{FAE04EC0-301F-11D3-BF4B-00C04F79EFBC}") = "Meta.Voice.Samples.Chess", "Meta.Voice.Samples.Chess.csproj", "{FC05FDE3-5525-A5DA-A979-C8A61D122ABF}"
EndProject
Global
	GlobalSection(SolutionConfigurationPlatforms) = preSolution
		Debug|Any CPU = Debug|Any CPU
		Release|Any CPU = Release|Any CPU
	EndGlobalSection
	GlobalSection(ProjectConfigurationPlatforms) = postSolution
		{85405881-7AE1-845C-8FE4-D545751473FA}.Debug|Any CPU.ActiveCfg = Debug|Any CPU
		{85405881-7AE1-845C-8FE4-D545751473FA}.Debug|Any CPU.Build.0 = Debug|Any CPU
		{85405881-7AE1-845C-8FE4-D545751473FA}.Release|Any CPU.ActiveCfg = Release|Any CPU
		{85405881-7AE1-845C-8FE4-D545751473FA}.Release|Any CPU.Build.0 = Release|Any CPU
		{ECD0AE94-5DF6-C73B-77A7-3726E2DD5D8F}.Debug|Any CPU.ActiveCfg = Debug|Any CPU
		{ECD0AE94-5DF6-C73B-77A7-3726E2DD5D8F}.Debug|Any CPU.Build.0 = Debug|Any CPU
		{ECD0AE94-5DF6-C73B-77A7-3726E2DD5D8F}.Release|Any CPU.ActiveCfg = Release|Any CPU
		{ECD0AE94-5DF6-C73B-77A7-3726E2DD5D8F}.Release|Any CPU.Build.0 = Release|Any CPU
		{7EAAA1DB-18CD-2B3B-6AF8-E596729A0CE3}.Debug|Any CPU.ActiveCfg = Debug|Any CPU
		{7EAAA1DB-18CD-2B3B-6AF8-E596729A0CE3}.Debug|Any CPU.Build.0 = Debug|Any CPU
		{7EAAA1DB-18CD-2B3B-6AF8-E596729A0CE3}.Release|Any CPU.ActiveCfg = Release|Any CPU
		{7EAAA1DB-18CD-2B3B-6AF8-E596729A0CE3}.Release|Any CPU.Build.0 = Release|Any CPU
		{C242920A-6D9B-0276-3EBD-897DEBE18476}.Debug|Any CPU.ActiveCfg = Debug|Any CPU
		{C242920A-6D9B-0276-3EBD-897DEBE18476}.Debug|Any CPU.Build.0 = Debug|Any CPU
		{C242920A-6D9B-0276-3EBD-897DEBE18476}.Release|Any CPU.ActiveCfg = Release|Any CPU
		{C242920A-6D9B-0276-3EBD-897DEBE18476}.Release|Any CPU.Build.0 = Release|Any CPU
		{DB7BF001-1328-0896-6E90-556E1AD5FC90}.Debug|Any CPU.ActiveCfg = Debug|Any CPU
		{DB7BF001-1328-0896-6E90-556E1AD5FC90}.Debug|Any CPU.Build.0 = Debug|Any CPU
		{DB7BF001-1328-0896-6E90-556E1AD5FC90}.Release|Any CPU.ActiveCfg = Release|Any CPU
		{DB7BF001-1328-0896-6E90-556E1AD5FC90}.Release|Any CPU.Build.0 = Release|Any CPU
		{A452A5A9-0F24-38C7-30EA-0D0E3036BF56}.Debug|Any CPU.ActiveCfg = Debug|Any CPU
		{A452A5A9-0F24-38C7-30EA-0D0E3036BF56}.Debug|Any CPU.Build.0 = Debug|Any CPU
		{A452A5A9-0F24-38C7-30EA-0D0E3036BF56}.Release|Any CPU.ActiveCfg = Release|Any CPU
		{A452A5A9-0F24-38C7-30EA-0D0E3036BF56}.Release|Any CPU.Build.0 = Release|Any CPU
		{703A4C33-67F7-75CE-BACA-D2E251D2DFEB}.Debug|Any CPU.ActiveCfg = Debug|Any CPU
		{703A4C33-67F7-75CE-BACA-D2E251D2DFEB}.Debug|Any CPU.Build.0 = Debug|Any CPU
		{703A4C33-67F7-75CE-BACA-D2E251D2DFEB}.Release|Any CPU.ActiveCfg = Release|Any CPU
		{703A4C33-67F7-75CE-BACA-D2E251D2DFEB}.Release|Any CPU.Build.0 = Release|Any CPU
		{FFBF8947-BDF6-233A-8AA8-0CC5C3F113AA}.Debug|Any CPU.ActiveCfg = Debug|Any CPU
		{FFBF8947-BDF6-233A-8AA8-0CC5C3F113AA}.Debug|Any CPU.Build.0 = Debug|Any CPU
		{FFBF8947-BDF6-233A-8AA8-0CC5C3F113AA}.Release|Any CPU.ActiveCfg = Release|Any CPU
		{FFBF8947-BDF6-233A-8AA8-0CC5C3F113AA}.Release|Any CPU.Build.0 = Release|Any CPU
		{F3A3024F-7A4E-4D6E-C676-D56840958896}.Debug|Any CPU.ActiveCfg = Debug|Any CPU
		{F3A3024F-7A4E-4D6E-C676-D56840958896}.Debug|Any CPU.Build.0 = Debug|Any CPU
		{F3A3024F-7A4E-4D6E-C676-D56840958896}.Release|Any CPU.ActiveCfg = Release|Any CPU
		{F3A3024F-7A4E-4D6E-C676-D56840958896}.Release|Any CPU.Build.0 = Release|Any CPU
		{09AB2E2D-558B-51B6-3690-AC99D8900821}.Debug|Any CPU.ActiveCfg = Debug|Any CPU
		{09AB2E2D-558B-51B6-3690-AC99D8900821}.Debug|Any CPU.Build.0 = Debug|Any CPU
		{09AB2E2D-558B-51B6-3690-AC99D8900821}.Release|Any CPU.ActiveCfg = Release|Any CPU
		{09AB2E2D-558B-51B6-3690-AC99D8900821}.Release|Any CPU.Build.0 = Release|Any CPU
		{76E9B86F-9BF6-FA34-D152-5A9DE4DC5443}.Debug|Any CPU.ActiveCfg = Debug|Any CPU
		{76E9B86F-9BF6-FA34-D152-5A9DE4DC5443}.Debug|Any CPU.Build.0 = Debug|Any CPU
		{76E9B86F-9BF6-FA34-D152-5A9DE4DC5443}.Release|Any CPU.ActiveCfg = Release|Any CPU
		{76E9B86F-9BF6-FA34-D152-5A9DE4DC5443}.Release|Any CPU.Build.0 = Release|Any CPU
		{CEB7121E-FBC7-EE36-1D1F-629344DBF3A5}.Debug|Any CPU.ActiveCfg = Debug|Any CPU
		{CEB7121E-FBC7-EE36-1D1F-629344DBF3A5}.Debug|Any CPU.Build.0 = Debug|Any CPU
		{CEB7121E-FBC7-EE36-1D1F-629344DBF3A5}.Release|Any CPU.ActiveCfg = Release|Any CPU
		{CEB7121E-FBC7-EE36-1D1F-629344DBF3A5}.Release|Any CPU.Build.0 = Release|Any CPU
		{8069B6D1-2FEB-CF33-2C1E-099B55FA2740}.Debug|Any CPU.ActiveCfg = Debug|Any CPU
		{8069B6D1-2FEB-CF33-2C1E-099B55FA2740}.Debug|Any CPU.Build.0 = Debug|Any CPU
		{8069B6D1-2FEB-CF33-2C1E-099B55FA2740}.Release|Any CPU.ActiveCfg = Release|Any CPU
		{8069B6D1-2FEB-CF33-2C1E-099B55FA2740}.Release|Any CPU.Build.0 = Release|Any CPU
		{9AEF3E2F-F3F5-1AA8-F5AA-2CDEF8C838D8}.Debug|Any CPU.ActiveCfg = Debug|Any CPU
		{9AEF3E2F-F3F5-1AA8-F5AA-2CDEF8C838D8}.Debug|Any CPU.Build.0 = Debug|Any CPU
		{9AEF3E2F-F3F5-1AA8-F5AA-2CDEF8C838D8}.Release|Any CPU.ActiveCfg = Release|Any CPU
		{9AEF3E2F-F3F5-1AA8-F5AA-2CDEF8C838D8}.Release|Any CPU.Build.0 = Release|Any CPU
		{9C07C3BF-DAEA-7B17-656C-4A809C394849}.Debug|Any CPU.ActiveCfg = Debug|Any CPU
		{9C07C3BF-DAEA-7B17-656C-4A809C394849}.Debug|Any CPU.Build.0 = Debug|Any CPU
		{9C07C3BF-DAEA-7B17-656C-4A809C394849}.Release|Any CPU.ActiveCfg = Release|Any CPU
		{9C07C3BF-DAEA-7B17-656C-4A809C394849}.Release|Any CPU.Build.0 = Release|Any CPU
		{2A634646-5213-89E6-6780-E7EEA6F50629}.Debug|Any CPU.ActiveCfg = Debug|Any CPU
		{2A634646-5213-89E6-6780-E7EEA6F50629}.Debug|Any CPU.Build.0 = Debug|Any CPU
		{2A634646-5213-89E6-6780-E7EEA6F50629}.Release|Any CPU.ActiveCfg = Release|Any CPU
		{2A634646-5213-89E6-6780-E7EEA6F50629}.Release|Any CPU.Build.0 = Release|Any CPU
		{B6F68095-B0DD-A3B9-6CFA-F1DA46F77C38}.Debug|Any CPU.ActiveCfg = Debug|Any CPU
		{B6F68095-B0DD-A3B9-6CFA-F1DA46F77C38}.Debug|Any CPU.Build.0 = Debug|Any CPU
		{B6F68095-B0DD-A3B9-6CFA-F1DA46F77C38}.Release|Any CPU.ActiveCfg = Release|Any CPU
		{B6F68095-B0DD-A3B9-6CFA-F1DA46F77C38}.Release|Any CPU.Build.0 = Release|Any CPU
		{2145A18A-3F78-8FA3-D814-DB78A58F5463}.Debug|Any CPU.ActiveCfg = Debug|Any CPU
		{2145A18A-3F78-8FA3-D814-DB78A58F5463}.Debug|Any CPU.Build.0 = Debug|Any CPU
		{2145A18A-3F78-8FA3-D814-DB78A58F5463}.Release|Any CPU.ActiveCfg = Release|Any CPU
		{2145A18A-3F78-8FA3-D814-DB78A58F5463}.Release|Any CPU.Build.0 = Release|Any CPU
		{CDB6810A-5CDE-A5CD-E7A5-06B15F3EF54C}.Debug|Any CPU.ActiveCfg = Debug|Any CPU
		{CDB6810A-5CDE-A5CD-E7A5-06B15F3EF54C}.Debug|Any CPU.Build.0 = Debug|Any CPU
		{CDB6810A-5CDE-A5CD-E7A5-06B15F3EF54C}.Release|Any CPU.ActiveCfg = Release|Any CPU
		{CDB6810A-5CDE-A5CD-E7A5-06B15F3EF54C}.Release|Any CPU.Build.0 = Release|Any CPU
		{8BB7FBA4-B84C-15E6-75B2-D4EC2E0D557A}.Debug|Any CPU.ActiveCfg = Debug|Any CPU
		{8BB7FBA4-B84C-15E6-75B2-D4EC2E0D557A}.Debug|Any CPU.Build.0 = Debug|Any CPU
		{8BB7FBA4-B84C-15E6-75B2-D4EC2E0D557A}.Release|Any CPU.ActiveCfg = Release|Any CPU
		{8BB7FBA4-B84C-15E6-75B2-D4EC2E0D557A}.Release|Any CPU.Build.0 = Release|Any CPU
		{91BA34D4-5DA5-E265-7C73-1D348FAF04F6}.Debug|Any CPU.ActiveCfg = Debug|Any CPU
		{91BA34D4-5DA5-E265-7C73-1D348FAF04F6}.Debug|Any CPU.Build.0 = Debug|Any CPU
		{91BA34D4-5DA5-E265-7C73-1D348FAF04F6}.Release|Any CPU.ActiveCfg = Release|Any CPU
		{91BA34D4-5DA5-E265-7C73-1D348FAF04F6}.Release|Any CPU.Build.0 = Release|Any CPU
		{0A139C7C-32B2-5BB2-D513-8798C87094D3}.Debug|Any CPU.ActiveCfg = Debug|Any CPU
		{0A139C7C-32B2-5BB2-D513-8798C87094D3}.Debug|Any CPU.Build.0 = Debug|Any CPU
		{0A139C7C-32B2-5BB2-D513-8798C87094D3}.Release|Any CPU.ActiveCfg = Release|Any CPU
		{0A139C7C-32B2-5BB2-D513-8798C87094D3}.Release|Any CPU.Build.0 = Release|Any CPU
		{68E1FCFE-6924-9B91-6AF0-97ADE85C41D1}.Debug|Any CPU.ActiveCfg = Debug|Any CPU
		{68E1FCFE-6924-9B91-6AF0-97ADE85C41D1}.Debug|Any CPU.Build.0 = Debug|Any CPU
		{68E1FCFE-6924-9B91-6AF0-97ADE85C41D1}.Release|Any CPU.ActiveCfg = Release|Any CPU
		{68E1FCFE-6924-9B91-6AF0-97ADE85C41D1}.Release|Any CPU.Build.0 = Release|Any CPU
		{3E1907D7-D0D3-388B-050D-FEEBA524D624}.Debug|Any CPU.ActiveCfg = Debug|Any CPU
		{3E1907D7-D0D3-388B-050D-FEEBA524D624}.Debug|Any CPU.Build.0 = Debug|Any CPU
		{3E1907D7-D0D3-388B-050D-FEEBA524D624}.Release|Any CPU.ActiveCfg = Release|Any CPU
		{3E1907D7-D0D3-388B-050D-FEEBA524D624}.Release|Any CPU.Build.0 = Release|Any CPU
		{1E51D537-FB3F-59B5-2249-7E430E1BC328}.Debug|Any CPU.ActiveCfg = Debug|Any CPU
		{1E51D537-FB3F-59B5-2249-7E430E1BC328}.Debug|Any CPU.Build.0 = Debug|Any CPU
		{1E51D537-FB3F-59B5-2249-7E430E1BC328}.Release|Any CPU.ActiveCfg = Release|Any CPU
		{1E51D537-FB3F-59B5-2249-7E430E1BC328}.Release|Any CPU.Build.0 = Release|Any CPU
		{2BCF9B31-2EC1-6456-D4A6-272BBA34154E}.Debug|Any CPU.ActiveCfg = Debug|Any CPU
		{2BCF9B31-2EC1-6456-D4A6-272BBA34154E}.Debug|Any CPU.Build.0 = Debug|Any CPU
		{2BCF9B31-2EC1-6456-D4A6-272BBA34154E}.Release|Any CPU.ActiveCfg = Release|Any CPU
		{2BCF9B31-2EC1-6456-D4A6-272BBA34154E}.Release|Any CPU.Build.0 = Release|Any CPU
		{1E5B9DF9-9210-4EDA-5D9D-299A4473D439}.Debug|Any CPU.ActiveCfg = Debug|Any CPU
		{1E5B9DF9-9210-4EDA-5D9D-299A4473D439}.Debug|Any CPU.Build.0 = Debug|Any CPU
		{1E5B9DF9-9210-4EDA-5D9D-299A4473D439}.Release|Any CPU.ActiveCfg = Release|Any CPU
		{1E5B9DF9-9210-4EDA-5D9D-299A4473D439}.Release|Any CPU.Build.0 = Release|Any CPU
		{999D62A4-5B21-6C7D-C45C-45B001A90265}.Debug|Any CPU.ActiveCfg = Debug|Any CPU
		{999D62A4-5B21-6C7D-C45C-45B001A90265}.Debug|Any CPU.Build.0 = Debug|Any CPU
		{999D62A4-5B21-6C7D-C45C-45B001A90265}.Release|Any CPU.ActiveCfg = Release|Any CPU
		{999D62A4-5B21-6C7D-C45C-45B001A90265}.Release|Any CPU.Build.0 = Release|Any CPU
		{6ACA5EC9-054A-1669-1AD8-3CBFFC752647}.Debug|Any CPU.ActiveCfg = Debug|Any CPU
		{6ACA5EC9-054A-1669-1AD8-3CBFFC752647}.Debug|Any CPU.Build.0 = Debug|Any CPU
		{6ACA5EC9-054A-1669-1AD8-3CBFFC752647}.Release|Any CPU.ActiveCfg = Release|Any CPU
		{6ACA5EC9-054A-1669-1AD8-3CBFFC752647}.Release|Any CPU.Build.0 = Release|Any CPU
		{D480D189-BF19-84D1-8BCA-9EF975DB6212}.Debug|Any CPU.ActiveCfg = Debug|Any CPU
		{D480D189-BF19-84D1-8BCA-9EF975DB6212}.Debug|Any CPU.Build.0 = Debug|Any CPU
		{D480D189-BF19-84D1-8BCA-9EF975DB6212}.Release|Any CPU.ActiveCfg = Release|Any CPU
		{D480D189-BF19-84D1-8BCA-9EF975DB6212}.Release|Any CPU.Build.0 = Release|Any CPU
		{4B32F919-9131-AE7F-ACC1-CE7E28BC8A41}.Debug|Any CPU.ActiveCfg = Debug|Any CPU
		{4B32F919-9131-AE7F-ACC1-CE7E28BC8A41}.Debug|Any CPU.Build.0 = Debug|Any CPU
		{4B32F919-9131-AE7F-ACC1-CE7E28BC8A41}.Release|Any CPU.ActiveCfg = Release|Any CPU
		{4B32F919-9131-AE7F-ACC1-CE7E28BC8A41}.Release|Any CPU.Build.0 = Release|Any CPU
		{728005B6-4A14-AD0E-4818-4F631541E13B}.Debug|Any CPU.ActiveCfg = Debug|Any CPU
		{728005B6-4A14-AD0E-4818-4F631541E13B}.Debug|Any CPU.Build.0 = Debug|Any CPU
		{728005B6-4A14-AD0E-4818-4F631541E13B}.Release|Any CPU.ActiveCfg = Release|Any CPU
		{728005B6-4A14-AD0E-4818-4F631541E13B}.Release|Any CPU.Build.0 = Release|Any CPU
		{647251F2-3C92-BAA9-F5C5-4004237D78F0}.Debug|Any CPU.ActiveCfg = Debug|Any CPU
		{647251F2-3C92-BAA9-F5C5-4004237D78F0}.Debug|Any CPU.Build.0 = Debug|Any CPU
		{647251F2-3C92-BAA9-F5C5-4004237D78F0}.Release|Any CPU.ActiveCfg = Release|Any CPU
		{647251F2-3C92-BAA9-F5C5-4004237D78F0}.Release|Any CPU.Build.0 = Release|Any CPU
		{03BD3A4E-030D-28E4-8ABB-C34684FC68C2}.Debug|Any CPU.ActiveCfg = Debug|Any CPU
		{03BD3A4E-030D-28E4-8ABB-C34684FC68C2}.Debug|Any CPU.Build.0 = Debug|Any CPU
		{03BD3A4E-030D-28E4-8ABB-C34684FC68C2}.Release|Any CPU.ActiveCfg = Release|Any CPU
		{03BD3A4E-030D-28E4-8ABB-C34684FC68C2}.Release|Any CPU.Build.0 = Release|Any CPU
		{FA45E143-14E8-F99F-3AED-3EEC207F7B87}.Debug|Any CPU.ActiveCfg = Debug|Any CPU
		{FA45E143-14E8-F99F-3AED-3EEC207F7B87}.Debug|Any CPU.Build.0 = Debug|Any CPU
		{FA45E143-14E8-F99F-3AED-3EEC207F7B87}.Release|Any CPU.ActiveCfg = Release|Any CPU
		{FA45E143-14E8-F99F-3AED-3EEC207F7B87}.Release|Any CPU.Build.0 = Release|Any CPU
		{9959B7E9-F97C-D3B1-0A3E-17EB2616CED1}.Debug|Any CPU.ActiveCfg = Debug|Any CPU
		{9959B7E9-F97C-D3B1-0A3E-17EB2616CED1}.Debug|Any CPU.Build.0 = Debug|Any CPU
		{9959B7E9-F97C-D3B1-0A3E-17EB2616CED1}.Release|Any CPU.ActiveCfg = Release|Any CPU
		{9959B7E9-F97C-D3B1-0A3E-17EB2616CED1}.Release|Any CPU.Build.0 = Release|Any CPU
		{F7F17DCB-9617-C3E4-1EC3-6913CD7971A8}.Debug|Any CPU.ActiveCfg = Debug|Any CPU
		{F7F17DCB-9617-C3E4-1EC3-6913CD7971A8}.Debug|Any CPU.Build.0 = Debug|Any CPU
		{F7F17DCB-9617-C3E4-1EC3-6913CD7971A8}.Release|Any CPU.ActiveCfg = Release|Any CPU
		{F7F17DCB-9617-C3E4-1EC3-6913CD7971A8}.Release|Any CPU.Build.0 = Release|Any CPU
		{8DC47E88-1CB7-64DF-ADC2-F6B1D00220EC}.Debug|Any CPU.ActiveCfg = Debug|Any CPU
		{8DC47E88-1CB7-64DF-ADC2-F6B1D00220EC}.Debug|Any CPU.Build.0 = Debug|Any CPU
		{8DC47E88-1CB7-64DF-ADC2-F6B1D00220EC}.Release|Any CPU.ActiveCfg = Release|Any CPU
		{8DC47E88-1CB7-64DF-ADC2-F6B1D00220EC}.Release|Any CPU.Build.0 = Release|Any CPU
		{193368BD-820B-CDB3-92A0-2E4B65699EC6}.Debug|Any CPU.ActiveCfg = Debug|Any CPU
		{193368BD-820B-CDB3-92A0-2E4B65699EC6}.Debug|Any CPU.Build.0 = Debug|Any CPU
		{193368BD-820B-CDB3-92A0-2E4B65699EC6}.Release|Any CPU.ActiveCfg = Release|Any CPU
		{193368BD-820B-CDB3-92A0-2E4B65699EC6}.Release|Any CPU.Build.0 = Release|Any CPU
		{9DBF00BB-CFE8-83CD-4FC3-6A87C029417A}.Debug|Any CPU.ActiveCfg = Debug|Any CPU
		{9DBF00BB-CFE8-83CD-4FC3-6A87C029417A}.Debug|Any CPU.Build.0 = Debug|Any CPU
		{9DBF00BB-CFE8-83CD-4FC3-6A87C029417A}.Release|Any CPU.ActiveCfg = Release|Any CPU
		{9DBF00BB-CFE8-83CD-4FC3-6A87C029417A}.Release|Any CPU.Build.0 = Release|Any CPU
		{70F856C8-44CA-3ED0-16D3-C8887D60E9F3}.Debug|Any CPU.ActiveCfg = Debug|Any CPU
		{70F856C8-44CA-3ED0-16D3-C8887D60E9F3}.Debug|Any CPU.Build.0 = Debug|Any CPU
		{70F856C8-44CA-3ED0-16D3-C8887D60E9F3}.Release|Any CPU.ActiveCfg = Release|Any CPU
		{70F856C8-44CA-3ED0-16D3-C8887D60E9F3}.Release|Any CPU.Build.0 = Release|Any CPU
		{987A21CA-F46B-E471-54CA-E2AA7510B851}.Debug|Any CPU.ActiveCfg = Debug|Any CPU
		{987A21CA-F46B-E471-54CA-E2AA7510B851}.Debug|Any CPU.Build.0 = Debug|Any CPU
		{987A21CA-F46B-E471-54CA-E2AA7510B851}.Release|Any CPU.ActiveCfg = Release|Any CPU
		{987A21CA-F46B-E471-54CA-E2AA7510B851}.Release|Any CPU.Build.0 = Release|Any CPU
		{D14A6A5B-EA81-39ED-7956-4FFA6FD6404D}.Debug|Any CPU.ActiveCfg = Debug|Any CPU
		{D14A6A5B-EA81-39ED-7956-4FFA6FD6404D}.Debug|Any CPU.Build.0 = Debug|Any CPU
		{D14A6A5B-EA81-39ED-7956-4FFA6FD6404D}.Release|Any CPU.ActiveCfg = Release|Any CPU
		{D14A6A5B-EA81-39ED-7956-4FFA6FD6404D}.Release|Any CPU.Build.0 = Release|Any CPU
		{DBF257D2-5BAC-DEE5-E7E5-A161BAD6B4F9}.Debug|Any CPU.ActiveCfg = Debug|Any CPU
		{DBF257D2-5BAC-DEE5-E7E5-A161BAD6B4F9}.Debug|Any CPU.Build.0 = Debug|Any CPU
		{DBF257D2-5BAC-DEE5-E7E5-A161BAD6B4F9}.Release|Any CPU.ActiveCfg = Release|Any CPU
		{DBF257D2-5BAC-DEE5-E7E5-A161BAD6B4F9}.Release|Any CPU.Build.0 = Release|Any CPU
		{EAB1F22D-0F01-AF6D-C0B5-6A4A04BD06A6}.Debug|Any CPU.ActiveCfg = Debug|Any CPU
		{EAB1F22D-0F01-AF6D-C0B5-6A4A04BD06A6}.Debug|Any CPU.Build.0 = Debug|Any CPU
		{EAB1F22D-0F01-AF6D-C0B5-6A4A04BD06A6}.Release|Any CPU.ActiveCfg = Release|Any CPU
		{EAB1F22D-0F01-AF6D-C0B5-6A4A04BD06A6}.Release|Any CPU.Build.0 = Release|Any CPU
		{FDD4DD5D-46A2-B385-418C-52AFFC916489}.Debug|Any CPU.ActiveCfg = Debug|Any CPU
		{FDD4DD5D-46A2-B385-418C-52AFFC916489}.Debug|Any CPU.Build.0 = Debug|Any CPU
		{FDD4DD5D-46A2-B385-418C-52AFFC916489}.Release|Any CPU.ActiveCfg = Release|Any CPU
		{FDD4DD5D-46A2-B385-418C-52AFFC916489}.Release|Any CPU.Build.0 = Release|Any CPU
		{FD9316B1-D97E-BBD9-9512-A517CE7A9938}.Debug|Any CPU.ActiveCfg = Debug|Any CPU
		{FD9316B1-D97E-BBD9-9512-A517CE7A9938}.Debug|Any CPU.Build.0 = Debug|Any CPU
		{FD9316B1-D97E-BBD9-9512-A517CE7A9938}.Release|Any CPU.ActiveCfg = Release|Any CPU
		{FD9316B1-D97E-BBD9-9512-A517CE7A9938}.Release|Any CPU.Build.0 = Release|Any CPU
		{D9742288-82BF-3047-E24A-0000DB4C74D8}.Debug|Any CPU.ActiveCfg = Debug|Any CPU
		{D9742288-82BF-3047-E24A-0000DB4C74D8}.Debug|Any CPU.Build.0 = Debug|Any CPU
		{D9742288-82BF-3047-E24A-0000DB4C74D8}.Release|Any CPU.ActiveCfg = Release|Any CPU
		{D9742288-82BF-3047-E24A-0000DB4C74D8}.Release|Any CPU.Build.0 = Release|Any CPU
		{CD0FE5C0-B4A3-3C93-CA78-94C26894C0DF}.Debug|Any CPU.ActiveCfg = Debug|Any CPU
		{CD0FE5C0-B4A3-3C93-CA78-94C26894C0DF}.Debug|Any CPU.Build.0 = Debug|Any CPU
		{CD0FE5C0-B4A3-3C93-CA78-94C26894C0DF}.Release|Any CPU.ActiveCfg = Release|Any CPU
		{CD0FE5C0-B4A3-3C93-CA78-94C26894C0DF}.Release|Any CPU.Build.0 = Release|Any CPU
		{1325B550-8D23-7357-9DB6-F2BE3FBF423A}.Debug|Any CPU.ActiveCfg = Debug|Any CPU
		{1325B550-8D23-7357-9DB6-F2BE3FBF423A}.Debug|Any CPU.Build.0 = Debug|Any CPU
		{1325B550-8D23-7357-9DB6-F2BE3FBF423A}.Release|Any CPU.ActiveCfg = Release|Any CPU
		{1325B550-8D23-7357-9DB6-F2BE3FBF423A}.Release|Any CPU.Build.0 = Release|Any CPU
		{5498FA00-A8FB-A4F2-6D73-7F739C86811A}.Debug|Any CPU.ActiveCfg = Debug|Any CPU
		{5498FA00-A8FB-A4F2-6D73-7F739C86811A}.Debug|Any CPU.Build.0 = Debug|Any CPU
		{5498FA00-A8FB-A4F2-6D73-7F739C86811A}.Release|Any CPU.ActiveCfg = Release|Any CPU
		{5498FA00-A8FB-A4F2-6D73-7F739C86811A}.Release|Any CPU.Build.0 = Release|Any CPU
		{9409FD15-979A-C17D-2D93-D788AB8AC2EB}.Debug|Any CPU.ActiveCfg = Debug|Any CPU
		{9409FD15-979A-C17D-2D93-D788AB8AC2EB}.Debug|Any CPU.Build.0 = Debug|Any CPU
		{9409FD15-979A-C17D-2D93-D788AB8AC2EB}.Release|Any CPU.ActiveCfg = Release|Any CPU
		{9409FD15-979A-C17D-2D93-D788AB8AC2EB}.Release|Any CPU.Build.0 = Release|Any CPU
		{F3F7EF5E-99DA-8E1F-70CD-0D6E3D9582E8}.Debug|Any CPU.ActiveCfg = Debug|Any CPU
		{F3F7EF5E-99DA-8E1F-70CD-0D6E3D9582E8}.Debug|Any CPU.Build.0 = Debug|Any CPU
		{F3F7EF5E-99DA-8E1F-70CD-0D6E3D9582E8}.Release|Any CPU.ActiveCfg = Release|Any CPU
		{F3F7EF5E-99DA-8E1F-70CD-0D6E3D9582E8}.Release|Any CPU.Build.0 = Release|Any CPU
		{FC05FDE3-5525-A5DA-A979-C8A61D122ABF}.Debug|Any CPU.ActiveCfg = Debug|Any CPU
		{FC05FDE3-5525-A5DA-A979-C8A61D122ABF}.Debug|Any CPU.Build.0 = Debug|Any CPU
		{FC05FDE3-5525-A5DA-A979-C8A61D122ABF}.Release|Any CPU.ActiveCfg = Release|Any CPU
		{FC05FDE3-5525-A5DA-A979-C8A61D122ABF}.Release|Any CPU.Build.0 = Release|Any CPU
	EndGlobalSection
	GlobalSection(SolutionProperties) = preSolution
		HideSolutionNode = FALSE
	EndGlobalSection
EndGlobal
